# This file is autogenerated, do not edit; changes may be undone by the next 'dep ensure'.


[[projects]]
  name = "github.com/google/uuid"
  packages = ["."]
  revision = "064e2069ce9c359c118179501254f67d7d37ba24"
  version = "0.2"

[solve-meta]
  analyzer-name = "dep"
  analyzer-version = 1
  inputs-digest = "19bdd2efdd93895708fbf06434fd55e94a7e2fdc43aa6c07786b339ff9c795d8"
  solver-name = "gps-cdcl"
  solver-version = 1
